
Microsoft Visual Studio Solution File, Format Version 12.00
# Visual Studio Version 16
VisualStudioVersion = 16.0.30523.141
MinimumVisualStudioVersion = 10.0.40219.1
Project("{9A19103F-16F7-4668-BE54-9A1E7A4F7556}") = "DeliverIt", "DeliverIt.csproj", "{BFDEFDEF-647D-455F-B438-740E77B61366}"
EndProject
Global
	GlobalSection(SolutionConfigurationPlatforms) = preSolution
		Debug|Any CPU = Debug|Any CPU
		Release|Any CPU = Release|Any CPU
	EndGlobalSection
	GlobalSection(ProjectConfigurationPlatforms) = postSolution
		{BFDEFDEF-647D-455F-B438-740E77B61366}.Debug|Any CPU.ActiveCfg = Debug|Any CPU
		{BFDEFDEF-647D-455F-B438-740E77B61366}.Debug|Any CPU.Build.0 = Debug|Any CPU
		{BFDEFDEF-647D-455F-B438-740E77B61366}.Release|Any CPU.ActiveCfg = Release|Any CPU
		{BFDEFDEF-647D-455F-B438-740E77B61366}.Release|Any CPU.Build.0 = Release|Any CPU
	EndGlobalSection
	GlobalSection(SolutionProperties) = preSolution
		HideSolutionNode = FALSE
	EndGlobalSection
	GlobalSection(ExtensibilityGlobals) = postSolution
		SolutionGuid = {FA5408FE-BE01-434E-8D93-F3CB26F4F3D1}
	EndGlobalSection
EndGlobal
